{
  "version": 4,
  "terraform_version": "1.7.2",
  "serial": 1,
  "lineage": "157e3a0c-2aa1-ed27-8d21-667dc4077622",
  "outputs": {},
  "resources": [
    {
      "mode": "managed",
      "type": "local_file",
      "name": "sample_new",
      "provider": "provider[\"registry.terraform.io/hashicorp/local\"]",
      "instances": [
        {
          "schema_version": 0,
          "attributes": {
            "content": "Terraform Review",
            "content_base64": null,
            "content_base64sha256": "9hY+NV3C/JuIr71+V++3fEDCP8D3m9+TpeKICn2g1cc=",
            "content_base64sha512": "Of6Cir7jgclUupTbqnO7kWtP1ZaowtaK8+Rb2QBhpgKOE5XIXAP9NjDwRwYnYY3VWIdbkFZfzvVTvTKAxJuLIA==",
            "content_md5": "b15f8ddd23645ec008e994dc76c5cec6",
            "content_sha1": "7cccd688423c8995f3eb1014b9a4c321f50d0d59",
            "content_sha256": "f6163e355dc2fc9b88afbd7e57efb77c40c23fc0f79bdf93a5e2880a7da0d5c7",
            "content_sha512": "39fe828abee381c954ba94dbaa73bb916b4fd596a8c2d68af3e45bd90061a6028e1395c85c03fd3630f0470627618dd558875b90565fcef553bd3280c49b8b20",
            "directory_permission": "0777",
            "file_permission": "0777",
            "filename": "test.txt",
            "id": "7cccd688423c8995f3eb1014b9a4c321f50d0d59",
            "sensitive_content": null,
            "source": null
          },
          "sensitive_attributes": []
        }
      ]
    }
  ],
  "check_results": null
}
