{
  "version": 4,
  "terraform_version": "1.7.2",
  "serial": 19,
  "lineage": "aeff8f09-d264-7924-9a7e-8423b916816d",
  "outputs": {},
  "resources": [
    {
      "mode": "managed",
      "type": "local_file",
      "name": "name",
      "provider": "provider[\"registry.terraform.io/hashicorp/local\"]",
      "instances": [
        {
          "schema_version": 0,
          "attributes": {
            "content": "Akhil",
            "content_base64": null,
            "content_base64sha256": "Paw/zAVGJVhDcOUtaaXIW4y6BecI4NDDee1GHMIaSDM=",
            "content_base64sha512": "DOxjd3G5Xe+IuORB0u4/oBOLe4ecg02OcafMy/bg68I3eKn98m6VmyWHPKRXtlspWjCu/5gypOwxg/FtHfJjBg==",
            "content_md5": "e5cb3060d89e28ce389c635d3fad41cb",
            "content_sha1": "d79b8b8d31737941adb56a3a603f58ba04a16e7a",
            "content_sha256": "3dac3fcc054625584370e52d69a5c85b8cba05e708e0d0c379ed461cc21a4833",
            "content_sha512": "0cec637771b95def88b8e441d2ee3fa0138b7b879c834d8e71a7cccbf6e0ebc23778a9fdf26e959b25873ca457b65b295a30aeff9832a4ec3183f16d1df26306",
            "directory_permission": "0777",
            "file_permission": "0777",
            "filename": "variable1.txt",
            "id": "d79b8b8d31737941adb56a3a603f58ba04a16e7a",
            "sensitive_content": null,
            "source": null
          },
          "sensitive_attributes": []
        }
      ]
    }
  ],
  "check_results": null
}
