{
  "version": 4,
  "terraform_version": "1.7.2",
  "serial": 22,
  "lineage": "aeff8f09-d264-7924-9a7e-8423b916816d",
  "outputs": {},
  "resources": [
    {
      "mode": "managed",
      "type": "local_file",
      "name": "name",
      "provider": "provider[\"registry.terraform.io/hashicorp/local\"]",
      "instances": [
        {
          "schema_version": 0,
          "attributes": {
            "content": "33",
            "content_base64": null,
            "content_base64sha256": "xvOsV5RKUxSQzTmQLQ93dxX9AF76yaMGItX1IF5/aJQ=",
            "content_base64sha512": "MWOo1qRUDs8XlOzgJF8pEVTTDhCANZ0umU73nBpGmqDNgIdp2cfuMMo0LGgD0uvOw+txqSjW2xh9+x/Cz2QDlQ==",
            "content_md5": "182be0c5cdcd5072bb1864cdee4d3d6e",
            "content_sha1": "b6692ea5df920cad691c20319a6fffd7a4a766b8",
            "content_sha256": "c6f3ac57944a531490cd39902d0f777715fd005efac9a30622d5f5205e7f6894",
            "content_sha512": "3163a8d6a4540ecf1794ece0245f291154d30e1080359d2e994ef79c1a469aa0cd808769d9c7ee30ca342c6803d2ebcec3eb71a928d6db187dfb1fc2cf640395",
            "directory_permission": "0777",
            "file_permission": "0777",
            "filename": "variable1.txt",
            "id": "b6692ea5df920cad691c20319a6fffd7a4a766b8",
            "sensitive_content": null,
            "source": null
          },
          "sensitive_attributes": []
        }
      ]
    }
  ],
  "check_results": null
}
