{
  "version": 4,
  "terraform_version": "1.7.2",
  "serial": 2,
  "lineage": "ac937586-e47f-ac24-8e67-dc914ffec9e4",
  "outputs": {
    "name1": {
      "value": 53,
      "type": "number"
    }
  },
  "resources": [
    {
      "mode": "managed",
      "type": "random_integer",
      "name": "name",
      "provider": "provider[\"registry.terraform.io/hashicorp/random\"]",
      "instances": [
        {
          "schema_version": 0,
          "attributes": {
            "id": "53",
            "keepers": null,
            "max": 70,
            "min": 50,
            "result": 53,
            "seed": null
          },
          "sensitive_attributes": []
        }
      ]
    }
  ],
  "check_results": null
}
