{
  "version": 4,
  "terraform_version": "1.7.2",
  "serial": 1,
  "lineage": "468b6096-736e-61b3-8026-0eabdf789729",
  "outputs": {},
  "resources": [
    {
      "mode": "managed",
      "type": "local_file",
      "name": "name",
      "provider": "provider[\"registry.terraform.io/hashicorp/local\"]",
      "instances": [
        {
          "schema_version": 0,
          "attributes": {
            "content": "Doing coding again",
            "content_base64": null,
            "content_base64sha256": "XcNdfG6n8cFcdaNMXOZaALgqqWxzrpTqKbLq/4mY2F0=",
            "content_base64sha512": "4QWlaQ7vx3yDv2fiO36UXICAMutSX3fIZqiZIRbXPspuO2vfoAf/AdZeUn9BnGiaxaPXFTOq+furRzrT93dpMQ==",
            "content_md5": "e6bcc047c4409b73b954262242f8cfdf",
            "content_sha1": "c2d28930d1373c358c8729e3532a036ad032a18c",
            "content_sha256": "5dc35d7c6ea7f1c15c75a34c5ce65a00b82aa96c73ae94ea29b2eaff8998d85d",
            "content_sha512": "e105a5690eefc77c83bf67e23b7e945c808032eb525f77c866a8992116d73eca6e3b6bdfa007ff01d65e527f419c689ac5a3d71533aaf9fbab473ad3f7776931",
            "directory_permission": "0777",
            "file_permission": "0777",
            "filename": "variable.txt",
            "id": "c2d28930d1373c358c8729e3532a036ad032a18c",
            "sensitive_content": null,
            "source": null
          },
          "sensitive_attributes": []
        }
      ]
    }
  ],
  "check_results": null
}
